
Microsoft Visual Studio Solution File, Format Version 12.00
# Visual Studio Version 17
VisualStudioVersion = 16.6.30114.105
MinimumVisualStudioVersion = 10.0.40219.1
Project("{9A19103F-16F7-4668-BE54-9A1E7A4F7556}") = "Xilium.Crdtp.Pdl", "Xilium.Crdtp.Pdl\Xilium.Crdtp.Pdl.csproj", "{7CF3C878-0FF9-42BB-BC9E-E3AAD789DF01}"
EndProject
Project("{9A19103F-16F7-4668-BE54-9A1E7A4F7556}") = "Xilium.Crdtp.CSharp.Syntax", "Xilium.Crdtp.CSharp.Syntax\Xilium.Crdtp.CSharp.Syntax.csproj", "{4B0B7583-A4AC-499A-BDAD-4AF12357C1F8}"
EndProject
Project("{9A19103F-16F7-4668-BE54-9A1E7A4F7556}") = "Xilium.Crdtp.Cli", "Xilium.Crdtp.Cli\Xilium.Crdtp.Cli.csproj", "{1BC499B4-0813-4E2F-8B8C-6D091428CEA6}"
EndProject
Project("{9A19103F-16F7-4668-BE54-9A1E7A4F7556}") = "Xilium.Crdtp.ClientGenerator", "Xilium.Crdtp.ClientGenerator\Xilium.Crdtp.ClientGenerator.csproj", "{A3B62889-225D-4004-BAFD-7F94728AB846}"
EndProject
Project("{9A19103F-16F7-4668-BE54-9A1E7A4F7556}") = "Xilium.Crdtp.Sema", "Xilium.Crdtp.Sema\Xilium.Crdtp.Sema.csproj", "{DB8A2F98-5FCE-45F6-B125-31D9DC05332C}"
EndProject
Project("{9A19103F-16F7-4668-BE54-9A1E7A4F7556}") = "Xilium.Core", "..\Common\Xilium.Core\Xilium.Core.csproj", "{EB20F493-214D-412C-97BF-F9764D36A412}"
EndProject
Global
	GlobalSection(SolutionConfigurationPlatforms) = preSolution
		Debug|Any CPU = Debug|Any CPU
		Debug|x64 = Debug|x64
		Debug|x86 = Debug|x86
		Release|Any CPU = Release|Any CPU
		Release|x64 = Release|x64
		Release|x86 = Release|x86
	EndGlobalSection
	GlobalSection(ProjectConfigurationPlatforms) = postSolution
		{7CF3C878-0FF9-42BB-BC9E-E3AAD789DF01}.Debug|Any CPU.ActiveCfg = Debug|Any CPU
		{7CF3C878-0FF9-42BB-BC9E-E3AAD789DF01}.Debug|Any CPU.Build.0 = Debug|Any CPU
		{7CF3C878-0FF9-42BB-BC9E-E3AAD789DF01}.Debug|x64.ActiveCfg = Debug|Any CPU
		{7CF3C878-0FF9-42BB-BC9E-E3AAD789DF01}.Debug|x64.Build.0 = Debug|Any CPU
		{7CF3C878-0FF9-42BB-BC9E-E3AAD789DF01}.Debug|x86.ActiveCfg = Debug|Any CPU
		{7CF3C878-0FF9-42BB-BC9E-E3AAD789DF01}.Debug|x86.Build.0 = Debug|Any CPU
		{7CF3C878-0FF9-42BB-BC9E-E3AAD789DF01}.Release|Any CPU.ActiveCfg = Release|Any CPU
		{7CF3C878-0FF9-42BB-BC9E-E3AAD789DF01}.Release|Any CPU.Build.0 = Release|Any CPU
		{7CF3C878-0FF9-42BB-BC9E-E3AAD789DF01}.Release|x64.ActiveCfg = Release|Any CPU
		{7CF3C878-0FF9-42BB-BC9E-E3AAD789DF01}.Release|x64.Build.0 = Release|Any CPU
		{7CF3C878-0FF9-42BB-BC9E-E3AAD789DF01}.Release|x86.ActiveCfg = Release|Any CPU
		{7CF3C878-0FF9-42BB-BC9E-E3AAD789DF01}.Release|x86.Build.0 = Release|Any CPU
		{4B0B7583-A4AC-499A-BDAD-4AF12357C1F8}.Debug|Any CPU.ActiveCfg = Debug|Any CPU
		{4B0B7583-A4AC-499A-BDAD-4AF12357C1F8}.Debug|Any CPU.Build.0 = Debug|Any CPU
		{4B0B7583-A4AC-499A-BDAD-4AF12357C1F8}.Debug|x64.ActiveCfg = Debug|Any CPU
		{4B0B7583-A4AC-499A-BDAD-4AF12357C1F8}.Debug|x64.Build.0 = Debug|Any CPU
		{4B0B7583-A4AC-499A-BDAD-4AF12357C1F8}.Debug|x86.ActiveCfg = Debug|Any CPU
		{4B0B7583-A4AC-499A-BDAD-4AF12357C1F8}.Debug|x86.Build.0 = Debug|Any CPU
		{4B0B7583-A4AC-499A-BDAD-4AF12357C1F8}.Release|Any CPU.ActiveCfg = Release|Any CPU
		{4B0B7583-A4AC-499A-BDAD-4AF12357C1F8}.Release|Any CPU.Build.0 = Release|Any CPU
		{4B0B7583-A4AC-499A-BDAD-4AF12357C1F8}.Release|x64.ActiveCfg = Release|Any CPU
		{4B0B7583-A4AC-499A-BDAD-4AF12357C1F8}.Release|x64.Build.0 = Release|Any CPU
		{4B0B7583-A4AC-499A-BDAD-4AF12357C1F8}.Release|x86.ActiveCfg = Release|Any CPU
		{4B0B7583-A4AC-499A-BDAD-4AF12357C1F8}.Release|x86.Build.0 = Release|Any CPU
		{1BC499B4-0813-4E2F-8B8C-6D091428CEA6}.Debug|Any CPU.ActiveCfg = Debug|Any CPU
		{1BC499B4-0813-4E2F-8B8C-6D091428CEA6}.Debug|Any CPU.Build.0 = Debug|Any CPU
		{1BC499B4-0813-4E2F-8B8C-6D091428CEA6}.Debug|x64.ActiveCfg = Debug|Any CPU
		{1BC499B4-0813-4E2F-8B8C-6D091428CEA6}.Debug|x64.Build.0 = Debug|Any CPU
		{1BC499B4-0813-4E2F-8B8C-6D091428CEA6}.Debug|x86.ActiveCfg = Debug|Any CPU
		{1BC499B4-0813-4E2F-8B8C-6D091428CEA6}.Debug|x86.Build.0 = Debug|Any CPU
		{1BC499B4-0813-4E2F-8B8C-6D091428CEA6}.Release|Any CPU.ActiveCfg = Release|Any CPU
		{1BC499B4-0813-4E2F-8B8C-6D091428CEA6}.Release|Any CPU.Build.0 = Release|Any CPU
		{1BC499B4-0813-4E2F-8B8C-6D091428CEA6}.Release|x64.ActiveCfg = Release|Any CPU
		{1BC499B4-0813-4E2F-8B8C-6D091428CEA6}.Release|x64.Build.0 = Release|Any CPU
		{1BC499B4-0813-4E2F-8B8C-6D091428CEA6}.Release|x86.ActiveCfg = Release|Any CPU
		{1BC499B4-0813-4E2F-8B8C-6D091428CEA6}.Release|x86.Build.0 = Release|Any CPU
		{A3B62889-225D-4004-BAFD-7F94728AB846}.Debug|Any CPU.ActiveCfg = Debug|Any CPU
		{A3B62889-225D-4004-BAFD-7F94728AB846}.Debug|Any CPU.Build.0 = Debug|Any CPU
		{A3B62889-225D-4004-BAFD-7F94728AB846}.Debug|x64.ActiveCfg = Debug|Any CPU
		{A3B62889-225D-4004-BAFD-7F94728AB846}.Debug|x64.Build.0 = Debug|Any CPU
		{A3B62889-225D-4004-BAFD-7F94728AB846}.Debug|x86.ActiveCfg = Debug|Any CPU
		{A3B62889-225D-4004-BAFD-7F94728AB846}.Debug|x86.Build.0 = Debug|Any CPU
		{A3B62889-225D-4004-BAFD-7F94728AB846}.Release|Any CPU.ActiveCfg = Release|Any CPU
		{A3B62889-225D-4004-BAFD-7F94728AB846}.Release|Any CPU.Build.0 = Release|Any CPU
		{A3B62889-225D-4004-BAFD-7F94728AB846}.Release|x64.ActiveCfg = Release|Any CPU
		{A3B62889-225D-4004-BAFD-7F94728AB846}.Release|x64.Build.0 = Release|Any CPU
		{A3B62889-225D-4004-BAFD-7F94728AB846}.Release|x86.ActiveCfg = Release|Any CPU
		{A3B62889-225D-4004-BAFD-7F94728AB846}.Release|x86.Build.0 = Release|Any CPU
		{DB8A2F98-5FCE-45F6-B125-31D9DC05332C}.Debug|Any CPU.ActiveCfg = Debug|Any CPU
		{DB8A2F98-5FCE-45F6-B125-31D9DC05332C}.Debug|Any CPU.Build.0 = Debug|Any CPU
		{DB8A2F98-5FCE-45F6-B125-31D9DC05332C}.Debug|x64.ActiveCfg = Debug|Any CPU
		{DB8A2F98-5FCE-45F6-B125-31D9DC05332C}.Debug|x64.Build.0 = Debug|Any CPU
		{DB8A2F98-5FCE-45F6-B125-31D9DC05332C}.Debug|x86.ActiveCfg = Debug|Any CPU
		{DB8A2F98-5FCE-45F6-B125-31D9DC05332C}.Debug|x86.Build.0 = Debug|Any CPU
		{DB8A2F98-5FCE-45F6-B125-31D9DC05332C}.Release|Any CPU.ActiveCfg = Release|Any CPU
		{DB8A2F98-5FCE-45F6-B125-31D9DC05332C}.Release|Any CPU.Build.0 = Release|Any CPU
		{DB8A2F98-5FCE-45F6-B125-31D9DC05332C}.Release|x64.ActiveCfg = Release|Any CPU
		{DB8A2F98-5FCE-45F6-B125-31D9DC05332C}.Release|x64.Build.0 = Release|Any CPU
		{DB8A2F98-5FCE-45F6-B125-31D9DC05332C}.Release|x86.ActiveCfg = Release|Any CPU
		{DB8A2F98-5FCE-45F6-B125-31D9DC05332C}.Release|x86.Build.0 = Release|Any CPU
		{EB20F493-214D-412C-97BF-F9764D36A412}.Debug|Any CPU.ActiveCfg = Debug|Any CPU
		{EB20F493-214D-412C-97BF-F9764D36A412}.Debug|Any CPU.Build.0 = Debug|Any CPU
		{EB20F493-214D-412C-97BF-F9764D36A412}.Debug|x64.ActiveCfg = Debug|Any CPU
		{EB20F493-214D-412C-97BF-F9764D36A412}.Debug|x64.Build.0 = Debug|Any CPU
		{EB20F493-214D-412C-97BF-F9764D36A412}.Debug|x86.ActiveCfg = Debug|Any CPU
		{EB20F493-214D-412C-97BF-F9764D36A412}.Debug|x86.Build.0 = Debug|Any CPU
		{EB20F493-214D-412C-97BF-F9764D36A412}.Release|Any CPU.ActiveCfg = Release|Any CPU
		{EB20F493-214D-412C-97BF-F9764D36A412}.Release|Any CPU.Build.0 = Release|Any CPU
		{EB20F493-214D-412C-97BF-F9764D36A412}.Release|x64.ActiveCfg = Release|Any CPU
		{EB20F493-214D-412C-97BF-F9764D36A412}.Release|x64.Build.0 = Release|Any CPU
		{EB20F493-214D-412C-97BF-F9764D36A412}.Release|x86.ActiveCfg = Release|Any CPU
		{EB20F493-214D-412C-97BF-F9764D36A412}.Release|x86.Build.0 = Release|Any CPU
	EndGlobalSection
	GlobalSection(SolutionProperties) = preSolution
		HideSolutionNode = FALSE
	EndGlobalSection
	GlobalSection(ExtensibilityGlobals) = postSolution
		SolutionGuid = {3F2ECEDB-8B2C-45E1-90EB-D18DC73E59E9}
	EndGlobalSection
EndGlobal
